
Microsoft Visual Studio Solution File, Format Version 12.00
# Visual Studio Version 17
VisualStudioVersion = 17.8.34511.84
MinimumVisualStudioVersion = 10.0.40219.1
Project("{888888A0-9F3D-457C-B088-3A5042F75D52}") = "PythonApplication1", "PythonApplication1\PythonApplication1.pyproj", "{64E9DB75-666A-4D83-B385-DF1D8D3BF507}"
EndProject
Project("{888888A0-9F3D-457C-B088-3A5042F75D52}") = "PythonApplication2", "PythonApplication2\PythonApplication2.pyproj", "{108553BC-F23D-4EC1-9FE6-BCCC8CE1B970}"
EndProject
Project("{888888A0-9F3D-457C-B088-3A5042F75D52}") = "PythonApplication3", "PythonApplication3\PythonApplication3.pyproj", "{FECEC106-5F48-433D-9972-AD76FA5B1224}"
EndProject
Project("{888888A0-9F3D-457C-B088-3A5042F75D52}") = "PythonApplication4", "PythonApplication4\PythonApplication4.pyproj", "{16BB308B-C98D-40E1-A55B-58F1D231D2CD}"
EndProject
Project("{888888A0-9F3D-457C-B088-3A5042F75D52}") = "PythonApplication5", "PythonApplication5\PythonApplication5.pyproj", "{24832EC8-3990-488D-AB73-C9C99BEA658B}"
EndProject
Project("{888888A0-9F3D-457C-B088-3A5042F75D52}") = "PythonApplication6", "PythonApplication6\PythonApplication6.pyproj", "{8BF4C411-858C-4256-8114-6C3BD6579942}"
EndProject
Project("{888888A0-9F3D-457C-B088-3A5042F75D52}") = "PythonApplication7", "PythonApplication7\PythonApplication7.pyproj", "{8E854E05-9F25-43F5-B527-53E410586989}"
EndProject
Global
	GlobalSection(SolutionConfigurationPlatforms) = preSolution
		Debug|Any CPU = Debug|Any CPU
		Release|Any CPU = Release|Any CPU
	EndGlobalSection
	GlobalSection(ProjectConfigurationPlatforms) = postSolution
		{64E9DB75-666A-4D83-B385-DF1D8D3BF507}.Debug|Any CPU.ActiveCfg = Debug|Any CPU
		{64E9DB75-666A-4D83-B385-DF1D8D3BF507}.Release|Any CPU.ActiveCfg = Release|Any CPU
		{108553BC-F23D-4EC1-9FE6-BCCC8CE1B970}.Debug|Any CPU.ActiveCfg = Debug|Any CPU
		{108553BC-F23D-4EC1-9FE6-BCCC8CE1B970}.Release|Any CPU.ActiveCfg = Release|Any CPU
		{FECEC106-5F48-433D-9972-AD76FA5B1224}.Debug|Any CPU.ActiveCfg = Debug|Any CPU
		{FECEC106-5F48-433D-9972-AD76FA5B1224}.Release|Any CPU.ActiveCfg = Release|Any CPU
		{16BB308B-C98D-40E1-A55B-58F1D231D2CD}.Debug|Any CPU.ActiveCfg = Debug|Any CPU
		{16BB308B-C98D-40E1-A55B-58F1D231D2CD}.Release|Any CPU.ActiveCfg = Release|Any CPU
		{24832EC8-3990-488D-AB73-C9C99BEA658B}.Debug|Any CPU.ActiveCfg = Debug|Any CPU
		{24832EC8-3990-488D-AB73-C9C99BEA658B}.Release|Any CPU.ActiveCfg = Release|Any CPU
		{8BF4C411-858C-4256-8114-6C3BD6579942}.Debug|Any CPU.ActiveCfg = Debug|Any CPU
		{8BF4C411-858C-4256-8114-6C3BD6579942}.Release|Any CPU.ActiveCfg = Release|Any CPU
		{8E854E05-9F25-43F5-B527-53E410586989}.Debug|Any CPU.ActiveCfg = Debug|Any CPU
		{8E854E05-9F25-43F5-B527-53E410586989}.Release|Any CPU.ActiveCfg = Release|Any CPU
	EndGlobalSection
	GlobalSection(SolutionProperties) = preSolution
		HideSolutionNode = FALSE
	EndGlobalSection
	GlobalSection(ExtensibilityGlobals) = postSolution
		SolutionGuid = {6DFEF966-6BB4-4D28-AC4A-9F43314C7764}
	EndGlobalSection
EndGlobal
